
Microsoft Visual Studio Solution File, Format Version 11.00
# Visual Studio 2010
Project("{FAE04EC0-301F-11D3-BF4B-00C04F79EFBC}") = "qi mo da zuo ye", "Assembly-CSharp.csproj", "{7D8F8BB2-95FD-4F9B-44FA-2BDC3350C506}"
EndProject
Project("{FAE04EC0-301F-11D3-BF4B-00C04F79EFBC}") = "qi mo da zuo ye", "Assembly-CSharp-Editor.csproj", "{EC61DF38-C0F2-4DBE-A2CF-59D18FDCB5A3}"
EndProject
Global
	GlobalSection(SolutionConfigurationPlatforms) = preSolution
		Debug|Any CPU = Debug|Any CPU
		Release|Any CPU = Release|Any CPU
	EndGlobalSection
	GlobalSection(ProjectConfigurationPlatforms) = postSolution
		{7D8F8BB2-95FD-4F9B-44FA-2BDC3350C506}.Debug|Any CPU.ActiveCfg = Debug|Any CPU
		{7D8F8BB2-95FD-4F9B-44FA-2BDC3350C506}.Debug|Any CPU.Build.0 = Debug|Any CPU
		{7D8F8BB2-95FD-4F9B-44FA-2BDC3350C506}.Release|Any CPU.ActiveCfg = Release|Any CPU
		{7D8F8BB2-95FD-4F9B-44FA-2BDC3350C506}.Release|Any CPU.Build.0 = Release|Any CPU
		{EC61DF38-C0F2-4DBE-A2CF-59D18FDCB5A3}.Debug|Any CPU.ActiveCfg = Debug|Any CPU
		{EC61DF38-C0F2-4DBE-A2CF-59D18FDCB5A3}.Debug|Any CPU.Build.0 = Debug|Any CPU
		{EC61DF38-C0F2-4DBE-A2CF-59D18FDCB5A3}.Release|Any CPU.ActiveCfg = Release|Any CPU
		{EC61DF38-C0F2-4DBE-A2CF-59D18FDCB5A3}.Release|Any CPU.Build.0 = Release|Any CPU
	EndGlobalSection
	GlobalSection(SolutionProperties) = preSolution
		HideSolutionNode = FALSE
	EndGlobalSection
	GlobalSection(MonoDevelopProperties) = preSolution
		StartupItem = Assembly-CSharp.csproj
	EndGlobalSection
EndGlobal
